
Microsoft Visual Studio Solution File, Format Version 12.00
# Visual Studio 15
VisualStudioVersion = 15.0.27004.2005
MinimumVisualStudioVersion = 10.0.40219.1
Project("{FAE04EC0-301F-11D3-BF4B-00C04F79EFBC}") = "Annonssystem", "Annonssystem\Annonssystem.csproj", "{1F6F0CDE-DC2B-41BE-885F-5791D5C27921}"
EndProject
Global
	GlobalSection(SolutionConfigurationPlatforms) = preSolution
		Debug|Any CPU = Debug|Any CPU
		Release|Any CPU = Release|Any CPU
	EndGlobalSection
	GlobalSection(ProjectConfigurationPlatforms) = postSolution
		{1F6F0CDE-DC2B-41BE-885F-5791D5C27921}.Debug|Any CPU.ActiveCfg = Debug|Any CPU
		{1F6F0CDE-DC2B-41BE-885F-5791D5C27921}.Debug|Any CPU.Build.0 = Debug|Any CPU
		{1F6F0CDE-DC2B-41BE-885F-5791D5C27921}.Release|Any CPU.ActiveCfg = Release|Any CPU
		{1F6F0CDE-DC2B-41BE-885F-5791D5C27921}.Release|Any CPU.Build.0 = Release|Any CPU
	EndGlobalSection
	GlobalSection(SolutionProperties) = preSolution
		HideSolutionNode = FALSE
	EndGlobalSection
	GlobalSection(ExtensibilityGlobals) = postSolution
		SolutionGuid = {737E91DE-F3CC-4828-A134-916857F73D08}
	EndGlobalSection
EndGlobal
